// !$*UTF8*$!
{
	archiveVersion = 1;
	classes = {
	};
	objectVersion = 50;
	objects = {

/* Begin PBXBuildFile section */
		75ECF7882258B95C00F8E551 /* AppDelegate.swift in Sources */ = {isa = PBXBuildFile; fileRef = 75ECF7872258B95C00F8E551 /* AppDelegate.swift */; };
		75ECF78A2258B95C00F8E551 /* ViewController.swift in Sources */ = {isa = PBXBuildFile; fileRef = 75ECF7892258B95C00F8E551 /* ViewController.swift */; };
		75ECF78D2258B95C00F8E551 /* Main.storyboard in Resources */ = {isa = PBXBuildFile; fileRef = 75ECF78B2258B95C00F8E551 /* Main.storyboard */; };
		75ECF78F2258B95E00F8E551 /* Assets.xcassets in Resources */ = {isa = PBXBuildFile; fileRef = 75ECF78E2258B95E00F8E551 /* Assets.xcassets */; };
		75ECF7922258B95E00F8E551 /* LaunchScreen.storyboard in Resources */ = {isa = PBXBuildFile; fileRef = 75ECF7902258B95E00F8E551 /* LaunchScreen.storyboard */; };
		75ECF79A2258BC0200F8E551 /* Sample.pdf in Resources */ = {isa = PBXBuildFile; fileRef = 75ECF7992258BC0100F8E551 /* Sample.pdf */; };
		75ECF79C2258C60E00F8E551 /* README.md in Resources */ = {isa = PBXBuildFile; fileRef = 75ECF79B2258C60E00F8E551 /* README.md */; };
/* End PBXBuildFile section */

/* Begin PBXFileReference section */
		75ECF7842258B95C00F8E551 /* QR_PDF.app */ = {isa = PBXFileReference; explicitFileType = wrapper.application; includeInIndex = 0; path = QR_PDF.app; sourceTree = BUILT_PRODUCTS_DIR; };
		75ECF7872258B95C00F8E551 /* AppDelegate.swift */ = {isa = PBXFileReference; lastKnownFileType = sourcecode.swift; path = AppDelegate.swift; sourceTree = "<group>"; };
		75ECF7892258B95C00F8E551 /* ViewController.swift */ = {isa = PBXFileReference; lastKnownFileType = sourcecode.swift; path = ViewController.swift; sourceTree = "<group>"; };
		75ECF78C2258B95C00F8E551 /* Base */ = {isa = PBXFileReference; lastKnownFileType = file.storyboard; name = Base; path = Base.lproj/Main.storyboard; sourceTree = "<group>"; };
		75ECF78E2258B95E00F8E551 /* Assets.xcassets */ = {isa = PBXFileReference; lastKnownFileType = folder.assetcatalog; path = Assets.xcassets; sourceTree = "<group>"; };
		75ECF7912258B95E00F8E551 /* Base */ = {isa = PBXFileReference; lastKnownFileType = file.storyboard; name = Base; path = Base.lproj/LaunchScreen.storyboard; sourceTree = "<group>"; };
		75ECF7932258B95E00F8E551 /* Info.plist */ = {isa = PBXFileReference; lastKnownFileType = text.plist.xml; path = Info.plist; sourceTree = "<group>"; };
		75ECF7992258BC0100F8E551 /* Sample.pdf */ = {isa = PBXFileReference; lastKnownFileType = image.pdf; path = Sample.pdf; sourceTree = SOURCE_ROOT; };
		75ECF79B2258C60E00F8E551 /* README.md */ = {isa = PBXFileReference; fileEncoding = 4; lastKnownFileType = net.daringfireball.markdown; path = README.md; sourceTree = "<group>"; };
/* End PBXFileReference section */

/* Begin PBXFrameworksBuildPhase section */
		75ECF7812258B95C00F8E551 /* Frameworks */ = {
			isa = PBXFrameworksBuildPhase;
			buildActionMask = 2147483647;
			files = (
			);
			runOnlyForDeploymentPostprocessing = 0;
		};
/* End PBXFrameworksBuildPhase section */

/* Begin PBXGroup section */
		75ECF77B2258B95C00F8E551 = {
			isa = PBXGroup;
			children = (
				75ECF79B2258C60E00F8E551 /* README.md */,
				75ECF7862258B95C00F8E551 /* QR_PDF */,
				75ECF7852258B95C00F8E551 /* Products */,
			);
			sourceTree = "<group>";
		};
		75ECF7852258B95C00F8E551 /* Products */ = {
			isa = PBXGroup;
			children = (
				75ECF7842258B95C00F8E551 /* QR_PDF.app */,
			);
			name = Products;
			sourceTree = "<group>";
		};
		75ECF7862258B95C00F8E551 /* QR_PDF */ = {
			isa = PBXGroup;
			children = (
				75ECF7872258B95C00F8E551 /* AppDelegate.swift */,
				75ECF7892258B95C00F8E551 /* ViewController.swift */,
				75ECF78B2258B95C00F8E551 /* Main.storyboard */,
				75ECF78E2258B95E00F8E551 /* Assets.xcassets */,
				75ECF7902258B95E00F8E551 /* LaunchScreen.storyboard */,
				75ECF7932258B95E00F8E551 /* Info.plist */,
				75ECF7992258BC0100F8E551 /* Sample.pdf */,
			);
			path = QR_PDF;
			sourceTree = "<group>";
		};
/* End PBXGroup section */

/* Begin PBXNativeTarget section */
		75ECF7832258B95C00F8E551 /* QR_PDF */ = {
			isa = PBXNativeTarget;
			buildConfigurationList = 75ECF7962258B95E00F8E551 /* Build configuration list for PBXNativeTarget "QR_PDF" */;
			buildPhases = (
				75ECF7802258B95C00F8E551 /* Sources */,
				75ECF7812258B95C00F8E551 /* Frameworks */,
				75ECF7822258B95C00F8E551 /* Resources */,
			);
			buildRules = (
			);
			dependencies = (
			);
			name = QR_PDF;
			productName = QR_PDF;
			productReference = 75ECF7842258B95C00F8E551 /* QR_PDF.app */;
			productType = "com.apple.product-type.application";
		};
/* End PBXNativeTarget section */

/* Begin PBXProject section */
		75ECF77C2258B95C00F8E551 /* Project object */ = {
			isa = PBXProject;
			attributes = {
				LastSwiftUpdateCheck = 1020;
				LastUpgradeCheck = 1020;
				ORGANIZATIONNAME = Azuma;
				TargetAttributes = {
					75ECF7832258B95C00F8E551 = {
						CreatedOnToolsVersion = 10.2;
					};
				};
			};
			buildConfigurationList = 75ECF77F2258B95C00F8E551 /* Build configuration list for PBXProject "QR_PDF" */;
			compatibilityVersion = "Xcode 9.3";
			developmentRegion = en;
			hasScannedForEncodings = 0;
			knownRegions = (
				en,
				Base,
			);
			mainGroup = 75ECF77B2258B95C00F8E551;
			productRefGroup = 75ECF7852258B95C00F8E551 /* Products */;
			projectDirPath = "";
			projectRoot = "";
			targets = (
				75ECF7832258B95C00F8E551 /* QR_PDF */,
			);
		};
/* End PBXProject section */

/* Begin PBXResourcesBuildPhase section */
		75ECF7822258B95C00F8E551 /* Resources */ = {
			isa = PBXResourcesBuildPhase;
			buildActionMask = 2147483647;
			files = (
				75ECF79A2258BC0200F8E551 /* Sample.pdf in Resources */,
				75ECF7922258B95E00F8E551 /* LaunchScreen.storyboard in Resources */,
				75ECF79C2258C60E00F8E551 /* README.md in Resources */,
				75ECF78F2258B95E00F8E551 /* Assets.xcassets in Resources */,
				75ECF78D2258B95C00F8E551 /* Main.storyboard in Resources */,
			);
			runOnlyForDeploymentPostprocessing = 0;
		};
/* End PBXResourcesBuildPhase section */

/* Begin PBXSourcesBuildPhase section */
		75ECF7802258B95C00F8E551 /* Sources */ = {
			isa = PBXSourcesBuildPhase;
			buildActionMask = 2147483647;
			files = (
				75ECF78A2258B95C00F8E551 /* ViewController.swift in Sources */,
				75ECF7882258B95C00F8E551 /* AppDelegate.swift in Sources */,
			);
			runOnlyForDeploymentPostprocessing = 0;
		};
/* End PBXSourcesBuildPhase section */

/* Begin PBXVariantGroup section */
		75ECF78B2258B95C00F8E551 /* Main.storyboard */ = {
			isa = PBXVariantGroup;
			children = (
				75ECF78C2258B95C00F8E551 /* Base */,
			);
			name = Main.storyboard;
			sourceTree = "<group>";
		};
		75ECF7902258B95E00F8E551 /* LaunchScreen.storyboard */ = {
			isa = PBXVariantGroup;
			children = (
				75ECF7912258B95E00F8E551 /* Base */,
			);
			name = LaunchScreen.storyboard;
			sourceTree = "<group>";
		};
/* End PBXVariantGroup section */

/* Begin XCBuildConfiguration section */
		75ECF7942258B95E00F8E551 /* Debug */ = {
			isa = XCBuildConfiguration;
			buildSettings = {
				ALWAYS_SEARCH_USER_PATHS = NO;
				CLANG_ANALYZER_NONNULL = YES;
				CLANG_ANALYZER_NUMBER_OBJECT_CONVERSION = YES_AGGRESSIVE;
				CLANG_CXX_LANGUAGE_STANDARD = "gnu++14";
				CLANG_CXX_LIBRARY = "libc++";
				CLANG_ENABLE_MODULES = YES;
				CLANG_ENABLE_OBJC_ARC = YES;
				CLANG_ENABLE_OBJC_WEAK = YES;
				CLANG_WARN_BLOCK_CAPTURE_AUTORELEASING = YES;
				CLANG_WARN_BOOL_CONVERSION = YES;
				CLANG_WARN_COMMA = YES;
				CLANG_WARN_CONSTANT_CONVERSION = YES;
				CLANG_WARN_DEPRECATED_OBJC_IMPLEMENTATIONS = YES;
				CLANG_WARN_DIRECT_OBJC_ISA_USAGE = YES_ERROR;
				CLANG_WARN_DOCUMENTATION_COMMENTS = YES;
				CLANG_WARN_EMPTY_BODY = YES;
				CLANG_WARN_ENUM_CONVERSION = YES;
				CLANG_WARN_INFINITE_RECURSION = YES;
				CLANG_WARN_INT_CONVERSION = YES;
				CLANG_WARN_NON_LITERAL_NULL_CONVERSION = YES;
				CLANG_WARN_OBJC_IMPLICIT_RETAIN_SELF = YES;
				CLANG_WARN_OBJC_LITERAL_CONVERSION = YES;
				CLANG_WARN_OBJC_ROOT_CLASS = YES_ERROR;
				CLANG_WARN_RANGE_LOOP_ANALYSIS = YES;
				CLANG_WARN_STRICT_PROTOTYPES = YES;
				CLANG_WARN_SUSPICIOUS_MOVE = YES;
				CLANG_WARN_UNGUARDED_AVAILABILITY = YES_AGGRESSIVE;
				CLANG_WARN_UNREACHABLE_CODE = YES;
				CLANG_WARN__DUPLICATE_METHOD_MATCH = YES;
				CODE_SIGN_IDENTITY = "iPhone Developer";
				COPY_PHASE_STRIP = NO;
				DEBUG_INFORMATION_FORMAT = dwarf;
				ENABLE_STRICT_OBJC_MSGSEND = YES;
				ENABLE_TESTABILITY = YES;
				GCC_C_LANGUAGE_STANDARD = gnu11;
				GCC_DYNAMIC_NO_PIC = NO;
				GCC_NO_COMMON_BLOCKS = YES;
				GCC_OPTIMIZATION_LEVEL = 0;
				GCC_PREPROCESSOR_DEFINITIONS = (
					"DEBUG=1",
					"$(inherited)",
				);
				GCC_WARN_64_TO_32_BIT_CONVERSION = YES;
				GCC_WARN_ABOUT_RETURN_TYPE = YES_ERROR;
				GCC_WARN_UNDECLARED_SELECTOR = YES;
				GCC_WARN_UNINITIALIZED_AUTOS = YES_AGGRESSIVE;
				GCC_WARN_UNUSED_FUNCTION = YES;
				GCC_WARN_UNUSED_VARIABLE = YES;
				IPHONEOS_DEPLOYMENT_TARGET = 12.2;
				MTL_ENABLE_DEBUG_INFO = INCLUDE_SOURCE;
				MTL_FAST_MATH = YES;
				ONLY_ACTIVE_ARCH = YES;
				SDKROOT = iphoneos;
				SWIFT_ACTIVE_COMPILATION_CONDITIONS = DEBUG;
				SWIFT_OPTIMIZATION_LEVEL = "-Onone";
			};
			name = Debug;
		};
		75ECF7952258B95E00F8E551 /* Release */ = {
			isa = XCBuildConfiguration;
			buildSettings = {
				ALWAYS_SEARCH_USER_PATHS = NO;
				CLANG_ANALYZER_NONNULL = YES;
				CLANG_ANALYZER_NUMBER_OBJECT_CONVERSION = YES_AGGRESSIVE;
				CLANG_CXX_LANGUAGE_STANDARD = "gnu++14";
				CLANG_CXX_LIBRARY = "libc++";
				CLANG_ENABLE_MODULES = YES;
				CLANG_ENABLE_OBJC_ARC = YES;
				CLANG_ENABLE_OBJC_WEAK = YES;
				CLANG_WARN_BLOCK_CAPTURE_AUTORELEASING = YES;
				CLANG_WARN_BOOL_CONVERSION = YES;
				CLANG_WARN_COMMA = YES;
				CLANG_WARN_CONSTANT_CONVERSION = YES;
				CLANG_WARN_DEPRECATED_OBJC_IMPLEMENTATIONS = YES;
				CLANG_WARN_DIRECT_OBJC_ISA_USAGE = YES_ERROR;
				CLANG_WARN_DOCUMENTATION_COMMENTS = YES;
				CLANG_WARN_EMPTY_BODY = YES;
				CLANG_WARN_ENUM_CONVERSION = YES;
				CLANG_WARN_INFINITE_RECURSION = YES;
				CLANG_WARN_INT_CONVERSION = YES;
				CLANG_WARN_NON_LITERAL_NULL_CONVERSION = YES;
				CLANG_WARN_OBJC_IMPLICIT_RETAIN_SELF = YES;
				CLANG_WARN_OBJC_LITERAL_CONVERSION = YES;
				CLANG_WARN_OBJC_ROOT_CLASS = YES_ERROR;
				CLANG_WARN_RANGE_LOOP_ANALYSIS = YES;
				CLANG_WARN_STRICT_PROTOTYPES = YES;
				CLANG_WARN_SUSPICIOUS_MOVE = YES;
				CLANG_WARN_UNGUARDED_AVAILABILITY = YES_AGGRESSIVE;
				CLANG_WARN_UNREACHABLE_CODE = YES;
				CLANG_WARN__DUPLICATE_METHOD_MATCH = YES;
				CODE_SIGN_IDENTITY = "iPhone Developer";
				COPY_PHASE_STRIP = NO;
				DEBUG_INFORMATION_FORMAT = "dwarf-with-dsym";
				ENABLE_NS_ASSERTIONS = NO;
				ENABLE_STRICT_OBJC_MSGSEND = YES;
				GCC_C_LANGUAGE_STANDARD = gnu11;
				GCC_NO_COMMON_BLOCKS = YES;
				GCC_WARN_64_TO_32_BIT_CONVERSION = YES;
				GCC_WARN_ABOUT_RETURN_TYPE = YES_ERROR;
				GCC_WARN_UNDECLARED_SELECTOR = YES;
				GCC_WARN_UNINITIALIZED_AUTOS = YES_AGGRESSIVE;
				GCC_WARN_UNUSED_FUNCTION = YES;
				GCC_WARN_UNUSED_VARIABLE = YES;
				IPHONEOS_DEPLOYMENT_TARGET = 12.2;
				MTL_ENABLE_DEBUG_INFO = NO;
				MTL_FAST_MATH = YES;
				SDKROOT = iphoneos;
				SWIFT_COMPILATION_MODE = wholemodule;
				SWIFT_OPTIMIZATION_LEVEL = "-O";
				VALIDATE_PRODUCT = YES;
			};
			name = Release;
		};
		75ECF7972258B95E00F8E551 /* Debug */ = {
			isa = XCBuildConfiguration;
			buildSettings = {
				ASSETCATALOG_COMPILER_APPICON_NAME = AppIcon;
				CODE_SIGN_STYLE = Automatic;
				DEVELOPMENT_TEAM = CWW3CV2X72;
				INFOPLIST_FILE = QR_PDF/Info.plist;
				IPHONEOS_DEPLOYMENT_TARGET = 11.0;
				LD_RUNPATH_SEARCH_PATHS = (
					"$(inherited)",
					"@executable_path/Frameworks",
				);
				PRODUCT_BUNDLE_IDENTIFIER = "ind.Azuma.QR-PDF";
				PRODUCT_NAME = "$(TARGET_NAME)";
				SWIFT_VERSION = 5.0;
				TARGETED_DEVICE_FAMILY = "1,2";
			};
			name = Debug;
		};
		75ECF7982258B95E00F8E551 /* Release */ = {
			isa = XCBuildConfiguration;
			buildSettings = {
				ASSETCATALOG_COMPILER_APPICON_NAME = AppIcon;
				CODE_SIGN_STYLE = Automatic;
				DEVELOPMENT_TEAM = CWW3CV2X72;
				INFOPLIST_FILE = QR_PDF/Info.plist;
				IPHONEOS_DEPLOYMENT_TARGET = 11.0;
				LD_RUNPATH_SEARCH_PATHS = (
					"$(inherited)",
					"@executable_path/Frameworks",
				);
				PRODUCT_BUNDLE_IDENTIFIER = "ind.Azuma.QR-PDF";
				PRODUCT_NAME = "$(TARGET_NAME)";
				SWIFT_VERSION = 5.0;
				TARGETED_DEVICE_FAMILY = "1,2";
			};
			name = Release;
		};
/* End XCBuildConfiguration section */

/* Begin XCConfigurationList section */
		75ECF77F2258B95C00F8E551 /* Build configuration list for PBXProject "QR_PDF" */ = {
			isa = XCConfigurationList;
			buildConfigurations = (
				75ECF7942258B95E00F8E551 /* Debug */,
				75ECF7952258B95E00F8E551 /* Release */,
			);
			defaultConfigurationIsVisible = 0;
			defaultConfigurationName = Release;
		};
		75ECF7962258B95E00F8E551 /* Build configuration list for PBXNativeTarget "QR_PDF" */ = {
			isa = XCConfigurationList;
			buildConfigurations = (
				75ECF7972258B95E00F8E551 /* Debug */,
				75ECF7982258B95E00F8E551 /* Release */,
			);
			defaultConfigurationIsVisible = 0;
			defaultConfigurationName = Release;
		};
/* End XCConfigurationList section */
	};
	rootObject = 75ECF77C2258B95C00F8E551 /* Project object */;
}
